
Microsoft Visual Studio Solution File, Format Version 12.00
# Visual Studio 14
VisualStudioVersion = 14.0.25420.1
MinimumVisualStudioVersion = 10.0.40219.1
Project("{FAE04EC0-301F-11D3-BF4B-00C04F79EFBC}") = "Nav", "Nav\Nav.csproj", "{310D910D-71DD-445E-A434-98D29BF0B1CA}"
EndProject
Project("{FAE04EC0-301F-11D3-BF4B-00C04F79EFBC}") = "Nav.Interfaces", "Nav.Interfaces\Nav.Interfaces.csproj", "{C9547703-E7B8-4ABD-8BD0-EA17B2791B93}"
EndProject
Project("{FAE04EC0-301F-11D3-BF4B-00C04F79EFBC}") = "Nav.Entities", "Nav.Entities\Nav.Entities.csproj", "{71551BB0-7AB0-4D6F-8131-AE84F13D75B3}"
EndProject
Project("{FAE04EC0-301F-11D3-BF4B-00C04F79EFBC}") = "Nav.EntityFrameWork", "Nav.EntityFrameWork\Nav.EntityFrameWork.csproj", "{2A04F3FE-4041-4CBA-A4D8-91D89C58DCB3}"
EndProject
Global
	GlobalSection(SolutionConfigurationPlatforms) = preSolution
		Debug|Any CPU = Debug|Any CPU
		Release|Any CPU = Release|Any CPU
	EndGlobalSection
	GlobalSection(ProjectConfigurationPlatforms) = postSolution
		{310D910D-71DD-445E-A434-98D29BF0B1CA}.Debug|Any CPU.ActiveCfg = Debug|Any CPU
		{310D910D-71DD-445E-A434-98D29BF0B1CA}.Debug|Any CPU.Build.0 = Debug|Any CPU
		{310D910D-71DD-445E-A434-98D29BF0B1CA}.Release|Any CPU.ActiveCfg = Release|Any CPU
		{310D910D-71DD-445E-A434-98D29BF0B1CA}.Release|Any CPU.Build.0 = Release|Any CPU
		{C9547703-E7B8-4ABD-8BD0-EA17B2791B93}.Debug|Any CPU.ActiveCfg = Debug|Any CPU
		{C9547703-E7B8-4ABD-8BD0-EA17B2791B93}.Debug|Any CPU.Build.0 = Debug|Any CPU
		{C9547703-E7B8-4ABD-8BD0-EA17B2791B93}.Release|Any CPU.ActiveCfg = Release|Any CPU
		{C9547703-E7B8-4ABD-8BD0-EA17B2791B93}.Release|Any CPU.Build.0 = Release|Any CPU
		{71551BB0-7AB0-4D6F-8131-AE84F13D75B3}.Debug|Any CPU.ActiveCfg = Debug|Any CPU
		{71551BB0-7AB0-4D6F-8131-AE84F13D75B3}.Debug|Any CPU.Build.0 = Debug|Any CPU
		{71551BB0-7AB0-4D6F-8131-AE84F13D75B3}.Release|Any CPU.ActiveCfg = Release|Any CPU
		{71551BB0-7AB0-4D6F-8131-AE84F13D75B3}.Release|Any CPU.Build.0 = Release|Any CPU
		{2A04F3FE-4041-4CBA-A4D8-91D89C58DCB3}.Debug|Any CPU.ActiveCfg = Debug|Any CPU
		{2A04F3FE-4041-4CBA-A4D8-91D89C58DCB3}.Debug|Any CPU.Build.0 = Debug|Any CPU
		{2A04F3FE-4041-4CBA-A4D8-91D89C58DCB3}.Release|Any CPU.ActiveCfg = Release|Any CPU
		{2A04F3FE-4041-4CBA-A4D8-91D89C58DCB3}.Release|Any CPU.Build.0 = Release|Any CPU
	EndGlobalSection
	GlobalSection(SolutionProperties) = preSolution
		HideSolutionNode = FALSE
	EndGlobalSection
EndGlobal
